
Microsoft Visual Studio Solution File, Format Version 12.00
# Visual Studio Version 17
VisualStudioVersion = 17.9.34723.18
MinimumVisualStudioVersion = 10.0.40219.1
Project("{FAE04EC0-301F-11D3-BF4B-00C04F79EFBC}") = "LottoWinner", "LottoWinner.csproj", "{3AD55776-55D8-421B-96B3-84B821605733}"
EndProject
Global
	GlobalSection(SolutionConfigurationPlatforms) = preSolution
		Debug|Any CPU = Debug|Any CPU
		Release|Any CPU = Release|Any CPU
	EndGlobalSection
	GlobalSection(ProjectConfigurationPlatforms) = postSolution
		{3AD55776-55D8-421B-96B3-84B821605733}.Debug|Any CPU.ActiveCfg = Debug|Any CPU
		{3AD55776-55D8-421B-96B3-84B821605733}.Debug|Any CPU.Build.0 = Debug|Any CPU
		{3AD55776-55D8-421B-96B3-84B821605733}.Release|Any CPU.ActiveCfg = Release|Any CPU
		{3AD55776-55D8-421B-96B3-84B821605733}.Release|Any CPU.Build.0 = Release|Any CPU
	EndGlobalSection
	GlobalSection(SolutionProperties) = preSolution
		HideSolutionNode = FALSE
	EndGlobalSection
	GlobalSection(ExtensibilityGlobals) = postSolution
		SolutionGuid = {00E7AD90-100D-48B1-8175-F70ABCC17545}
	EndGlobalSection
EndGlobal
